<?xml version="1.0" encoding="utf-8"?>
<Project ToolsVersion="4.0" xmlns="http://schemas.microsoft.com/developer/msbuild/2003">
  <ItemGroup>
    <Filter Include="Source Files">
      <UniqueIdentifier>{4FC737F1-C7A5-4376-A066-2A32D752A2FF}</UniqueIdentifier>
      <Extensions>cpp;c;cc;cxx;def;odl;idl;hpj;bat;asm;asmx</Extensions>
    </Filter>
    <Filter Include="Header Files">
      <UniqueIdentifier>{93995380-89BD-4b04-88EB-625FBE52EBFB}</UniqueIdentifier>
      <Extensions>h;hh;hpp;hxx;hm;inl;inc;ipp;xsd</Extensions>
    </Filter>
    <Filter Include="Resource Files">
      <UniqueIdentifier>{67DA6AB6-F800-4c08-8B7A-83BB121AAD01}</UniqueIdentifier>
      <Extensions>rc;ico;cur;bmp;dlg;rc2;rct;bin;rgs;gif;jpg;jpeg;jpe;resx;tiff;tif;png;wav;mfcribbon-ms</Extensions>
    </Filter>
  </ItemGroup>
  <ItemGroup>
    <ClCompile Include="source\Hobgoblin\QAO\base.cpp">
      <Filter>Source Files</Filter>
    </ClCompile>
    <ClCompile Include="source\Hobgoblin\QAO\id.cpp">
      <Filter>Source Files</Filter>
    </ClCompile>
    <ClCompile Include="source\Hobgoblin\QAO\orderer.cpp">
      <Filter>Source Files</Filter>
    </ClCompile>
    <ClCompile Include="source\Hobgoblin\QAO\registry.cpp">
      <Filter>Source Files</Filter>
    </ClCompile>
    <ClCompile Include="source\Hobgoblin\QAO\runtime.cpp">
      <Filter>Source Files</Filter>
    </ClCompile>
    <ClCompile Include="source\Hobgoblin\RigelNet\Udp_client.cpp">
      <Filter>Source Files</Filter>
    </ClCompile>
    <ClCompile Include="source\Hobgoblin\RigelNet\Udp_connector.cpp">
      <Filter>Source Files</Filter>
    </ClCompile>
    <ClCompile Include="source\Hobgoblin\RigelNet\Udp_server.cpp">
      <Filter>Source Files</Filter>
    </ClCompile>
    <ClCompile Include="source\Hobgoblin\RigelNet\Packet.cpp">
      <Filter>Source Files</Filter>
    </ClCompile>
    <ClCompile Include="source\Hobgoblin\RigelNet\Node.cpp">
      <Filter>Source Files</Filter>
    </ClCompile>
    <ClCompile Include="source\Hobgoblin\RigelNet\Handlermgmt.cpp">
      <Filter>Source Files</Filter>
    </ClCompile>
    <ClCompile Include="source\Hobgoblin\RigelNet\Handlers.cpp">
      <Filter>Source Files</Filter>
    </ClCompile>
    <ClCompile Include="source\Hobgoblin\Utility\Exceptions.cpp">
      <Filter>Source Files</Filter>
    </ClCompile>
    <ClCompile Include="include\Hobgoblin\RigelNet\Connector.hpp">
      <Filter>Source Files</Filter>
    </ClCompile>
    <ClCompile Include="source\Hobgoblin\RigelNet\Event.cpp">
      <Filter>Source Files</Filter>
    </ClCompile>
    <ClCompile Include="source\Hobgoblin\Utility\Serialization.cpp">
      <Filter>Source Files</Filter>
    </ClCompile>
    <ClCompile Include="source\Hobgoblin\QAO\Priority_resolver.cpp">
      <Filter>Header Files</Filter>
    </ClCompile>
    <ClCompile Include="source\Hobgoblin\QAO\Priority_resolver2.cpp">
      <Filter>Source Files</Filter>
    </ClCompile>
    <ClCompile Include="source\Hobgoblin\ColDetect\Qtree_collision_domain.cpp">
      <Filter>Source Files</Filter>
    </ClCompile>
    <ClCompile Include="source\Hobgoblin\Graphics\Texture_packing.cpp">
      <Filter>Source Files</Filter>
    </ClCompile>
    <ClCompile Include="source\Hobgoblin\Private\Rbp_rect.cpp">
      <Filter>Source Files</Filter>
    </ClCompile>
    <ClCompile Include="source\Hobgoblin\Private\Max_rects_bin_pack.cpp">
      <Filter>Source Files</Filter>
    </ClCompile>
    <ClCompile Include="source\Hobgoblin\Graphics\Sprite_loader.cpp">
      <Filter>Source Files</Filter>
    </ClCompile>
    <ClCompile Include="source\Hobgoblin\Graphics\Multisprite.cpp">
      <Filter>Source Files</Filter>
    </ClCompile>
    <ClCompile Include="source\Hobgoblin\Graphics\Brush.cpp">
      <Filter>Source Files</Filter>
    </ClCompile>
    <ClCompile Include="source\Hobgoblin\Graphics\Views.cpp">
      <Filter>Source Files</Filter>
    </ClCompile>
    <ClCompile Include="source\Hobgoblin\Graphics\Builtin_fonts.cpp">
      <Filter>Source Files</Filter>
    </ClCompile>
    <ClCompile Include="source\Hobgoblin\Graphics\Color.cpp">
      <Filter>Source Files</Filter>
    </ClCompile>
    <ClCompile Include="source\Hobgoblin\TimingMain.cpp">
      <Filter>Source Files</Filter>
    </ClCompile>
    <ClCompile Include="source\Hobgoblin\Utility\Sleep.cpp">
      <Filter>Source Files</Filter>
    </ClCompile>
    <ClCompile Include="source\Hobgoblin\ChipmunkPhysics\chipmunk.c">
      <Filter>Source Files</Filter>
    </ClCompile>
    <ClCompile Include="source\Hobgoblin\ChipmunkPhysics\cpArbiter.c">
      <Filter>Source Files</Filter>
    </ClCompile>
    <ClCompile Include="source\Hobgoblin\ChipmunkPhysics\cpArray.c">
      <Filter>Source Files</Filter>
    </ClCompile>
    <ClCompile Include="source\Hobgoblin\ChipmunkPhysics\cpBBTree.c">
      <Filter>Source Files</Filter>
    </ClCompile>
    <ClCompile Include="source\Hobgoblin\ChipmunkPhysics\cpBody.c">
      <Filter>Source Files</Filter>
    </ClCompile>
    <ClCompile Include="source\Hobgoblin\ChipmunkPhysics\cpCollision.c">
      <Filter>Source Files</Filter>
    </ClCompile>
    <ClCompile Include="source\Hobgoblin\ChipmunkPhysics\cpConstraint.c">
      <Filter>Source Files</Filter>
    </ClCompile>
    <ClCompile Include="source\Hobgoblin\ChipmunkPhysics\cpDampedRotarySpring.c">
      <Filter>Source Files</Filter>
    </ClCompile>
    <ClCompile Include="source\Hobgoblin\ChipmunkPhysics\cpDampedSpring.c">
      <Filter>Source Files</Filter>
    </ClCompile>
    <ClCompile Include="source\Hobgoblin\ChipmunkPhysics\cpGearJoint.c">
      <Filter>Source Files</Filter>
    </ClCompile>
    <ClCompile Include="source\Hobgoblin\ChipmunkPhysics\cpGrooveJoint.c">
      <Filter>Source Files</Filter>
    </ClCompile>
    <ClCompile Include="source\Hobgoblin\ChipmunkPhysics\cpHashSet.c">
      <Filter>Source Files</Filter>
    </ClCompile>
    <ClCompile Include="source\Hobgoblin\ChipmunkPhysics\cpHastySpace.c">
      <Filter>Source Files</Filter>
    </ClCompile>
    <ClCompile Include="source\Hobgoblin\ChipmunkPhysics\cpMarch.c">
      <Filter>Source Files</Filter>
    </ClCompile>
    <ClCompile Include="source\Hobgoblin\ChipmunkPhysics\cpPinJoint.c">
      <Filter>Source Files</Filter>
    </ClCompile>
    <ClCompile Include="source\Hobgoblin\ChipmunkPhysics\cpPivotJoint.c">
      <Filter>Source Files</Filter>
    </ClCompile>
    <ClCompile Include="source\Hobgoblin\ChipmunkPhysics\cpPolyline.c">
      <Filter>Source Files</Filter>
    </ClCompile>
    <ClCompile Include="source\Hobgoblin\ChipmunkPhysics\cpPolyShape.c">
      <Filter>Source Files</Filter>
    </ClCompile>
    <ClCompile Include="source\Hobgoblin\ChipmunkPhysics\cpRatchetJoint.c">
      <Filter>Source Files</Filter>
    </ClCompile>
    <ClCompile Include="source\Hobgoblin\ChipmunkPhysics\cpRobust.c">
      <Filter>Source Files</Filter>
    </ClCompile>
    <ClCompile Include="source\Hobgoblin\ChipmunkPhysics\cpRotaryLimitJoint.c">
      <Filter>Source Files</Filter>
    </ClCompile>
    <ClCompile Include="source\Hobgoblin\ChipmunkPhysics\cpShape.c">
      <Filter>Source Files</Filter>
    </ClCompile>
    <ClCompile Include="source\Hobgoblin\ChipmunkPhysics\cpSimpleMotor.c">
      <Filter>Source Files</Filter>
    </ClCompile>
    <ClCompile Include="source\Hobgoblin\ChipmunkPhysics\cpSlideJoint.c">
      <Filter>Source Files</Filter>
    </ClCompile>
    <ClCompile Include="source\Hobgoblin\ChipmunkPhysics\cpSpace.c">
      <Filter>Source Files</Filter>
    </ClCompile>
    <ClCompile Include="source\Hobgoblin\ChipmunkPhysics\cpSpaceComponent.c">
      <Filter>Source Files</Filter>
    </ClCompile>
    <ClCompile Include="source\Hobgoblin\ChipmunkPhysics\cpSpaceDebug.c">
      <Filter>Source Files</Filter>
    </ClCompile>
    <ClCompile Include="source\Hobgoblin\ChipmunkPhysics\cpSpaceHash.c">
      <Filter>Source Files</Filter>
    </ClCompile>
    <ClCompile Include="source\Hobgoblin\ChipmunkPhysics\cpSpaceQuery.c">
      <Filter>Source Files</Filter>
    </ClCompile>
    <ClCompile Include="source\Hobgoblin\ChipmunkPhysics\cpSpaceStep.c">
      <Filter>Source Files</Filter>
    </ClCompile>
    <ClCompile Include="source\Hobgoblin\ChipmunkPhysics\cpSpatialIndex.c">
      <Filter>Source Files</Filter>
    </ClCompile>
    <ClCompile Include="source\Hobgoblin\ChipmunkPhysics\cpSweep1D.c">
      <Filter>Source Files</Filter>
    </ClCompile>
  </ItemGroup>
  <ItemGroup>
    <ClInclude Include="include\Hobgoblin\QAO\base.hpp">
      <Filter>Header Files</Filter>
    </ClInclude>
    <ClInclude Include="include\Hobgoblin\QAO\config.hpp">
      <Filter>Header Files</Filter>
    </ClInclude>
    <ClInclude Include="include\Hobgoblin\QAO\func.hpp">
      <Filter>Header Files</Filter>
    </ClInclude>
    <ClInclude Include="include\Hobgoblin\QAO\id.hpp">
      <Filter>Header Files</Filter>
    </ClInclude>
    <ClInclude Include="include\Hobgoblin\QAO\orderer.hpp">
      <Filter>Header Files</Filter>
    </ClInclude>
    <ClInclude Include="include\Hobgoblin\QAO\registry.hpp">
      <Filter>Header Files</Filter>
    </ClInclude>
    <ClInclude Include="include\Hobgoblin\QAO\runtime.hpp">
      <Filter>Header Files</Filter>
    </ClInclude>
    <ClInclude Include="include\Hobgoblin\Utility\NoCopyNoMove.hpp">
      <Filter>Header Files</Filter>
    </ClInclude>
    <ClInclude Include="include\Hobgoblin\Utility\Passkey.hpp">
      <Filter>Header Files</Filter>
    </ClInclude>
    <ClInclude Include="include\Hobgoblin\Utility\template.hpp">
      <Filter>Header Files</Filter>
    </ClInclude>
    <ClInclude Include="include\Hobgoblin\Common.hpp">
      <Filter>Header Files</Filter>
    </ClInclude>
    <ClInclude Include="include\Hobgoblin\Preprocessor.hpp">
      <Filter>Header Files</Filter>
    </ClInclude>
    <ClInclude Include="include\Hobgoblin\QAO.hpp">
      <Filter>Header Files</Filter>
    </ClInclude>
    <ClInclude Include="include\Hobgoblin\RigelNet.hpp">
      <Filter>Header Files</Filter>
    </ClInclude>
    <ClInclude Include="include\Hobgoblin\RigelNet_Macros.hpp">
      <Filter>Header Files</Filter>
    </ClInclude>
    <ClInclude Include="include\Hobgoblin\Utility\Slab_indexer.hpp">
      <Filter>Header Files</Filter>
    </ClInclude>
    <ClInclude Include="include\Hobgoblin\RigelNet\Udp_client.hpp">
      <Filter>Header Files</Filter>
    </ClInclude>
    <ClInclude Include="include\Hobgoblin\RigelNet\Udp_connector.hpp">
      <Filter>Header Files</Filter>
    </ClInclude>
    <ClInclude Include="include\Hobgoblin\RigelNet\Udp_server.hpp">
      <Filter>Header Files</Filter>
    </ClInclude>
    <ClInclude Include="include\Hobgoblin\RigelNet\Macro_extract_args.hpp">
      <Filter>Header Files</Filter>
    </ClInclude>
    <ClInclude Include="include\Hobgoblin\RigelNet\Macro_handlers.hpp">
      <Filter>Header Files</Filter>
    </ClInclude>
    <ClInclude Include="include\Hobgoblin\RigelNet\Macro_normalize_args.hpp">
      <Filter>Header Files</Filter>
    </ClInclude>
    <ClInclude Include="include\Hobgoblin\RigelNet\Macro_pass_args.hpp">
      <Filter>Header Files</Filter>
    </ClInclude>
    <ClInclude Include="include\Hobgoblin\RigelNet\Macro_pass_compose_args.hpp">
      <Filter>Header Files</Filter>
    </ClInclude>
    <ClInclude Include="include\Hobgoblin\Utility\Stopwatch.hpp">
      <Filter>Header Files</Filter>
    </ClInclude>
    <ClInclude Include="include\Hobgoblin\Private\Pmacro_define.hpp">
      <Filter>Header Files</Filter>
    </ClInclude>
    <ClInclude Include="include\Hobgoblin\Private\Pmacro_undef.hpp">
      <Filter>Header Files</Filter>
    </ClInclude>
    <ClInclude Include="include\Hobgoblin\RigelNet\Handlermgmt.hpp">
      <Filter>Header Files</Filter>
    </ClInclude>
    <ClInclude Include="include\Hobgoblin\RigelNet\Remote_info.hpp">
      <Filter>Header Files</Filter>
    </ClInclude>
    <ClInclude Include="include\Hobgoblin\RigelNet\Server.hpp">
      <Filter>Header Files</Filter>
    </ClInclude>
    <ClInclude Include="include\Hobgoblin\RigelNet\Template.hpp">
      <Filter>Header Files</Filter>
    </ClInclude>
    <ClInclude Include="include\Hobgoblin\RigelNet\Client.hpp">
      <Filter>Header Files</Filter>
    </ClInclude>
    <ClInclude Include="include\Hobgoblin\RigelNet\Node.hpp">
      <Filter>Source Files</Filter>
    </ClInclude>
    <ClInclude Include="include\Hobgoblin\RigelNet\Event.hpp">
      <Filter>Header Files</Filter>
    </ClInclude>
    <ClInclude Include="include\Hobgoblin\Utility\Visitor.hpp">
      <Filter>Header Files</Filter>
    </ClInclude>
    <ClInclude Include="include\Hobgoblin\RigelNet\Handlers.hpp">
      <Filter>Header Files</Filter>
    </ClInclude>
    <ClInclude Include="include\Hobgoblin\Utility\Exceptions.hpp">
      <Filter>Header Files</Filter>
    </ClInclude>
    <ClInclude Include="include\Hobgoblin\RigelNet\Remote_object_mapper.hpp">
      <Filter>Header Files</Filter>
    </ClInclude>
    <ClInclude Include="include\Hobgoblin\Utility\Packet.hpp">
      <Filter>Header Files</Filter>
    </ClInclude>
    <ClInclude Include="include\Hobgoblin\RigelNet\Packet_wrapper.hpp">
      <Filter>Header Files</Filter>
    </ClInclude>
    <ClInclude Include="include\Hobgoblin\RigelNet\Receiver_set.hpp">
      <Filter>Header Files</Filter>
    </ClInclude>
    <ClInclude Include="include\Hobgoblin\Utility\Any_ptr.hpp">
      <Filter>Header Files</Filter>
    </ClInclude>
    <ClInclude Include="include\Hobgoblin\Utility\Serialization.hpp">
      <Filter>Header Files</Filter>
    </ClInclude>
    <ClInclude Include="include\Hobgoblin\Utility\Autopack.hpp">
      <Filter>Header Files</Filter>
    </ClInclude>
    <ClInclude Include="include\Hobgoblin\QAO\Priority_resolver.hpp">
      <Filter>Header Files</Filter>
    </ClInclude>
    <ClInclude Include="include\Hobgoblin\QAO\Priority_resolver2.hpp">
      <Filter>Header Files</Filter>
    </ClInclude>
    <ClInclude Include="include\Hobgoblin\Utility\Semaphore.hpp">
      <Filter>Header Files</Filter>
    </ClInclude>
    <ClInclude Include="include\Hobgoblin\Utility\Rectangle.hpp">
      <Filter>Header Files</Filter>
    </ClInclude>
    <ClInclude Include="include\Hobgoblin\ColDetect\Common.hpp">
      <Filter>Header Files</Filter>
    </ClInclude>
    <ClInclude Include="include\Hobgoblin\ColDetect\Qtree_collision_domain.hpp">
      <Filter>Header Files</Filter>
    </ClInclude>
    <ClInclude Include="include\Hobgoblin\ColDetect.hpp">
      <Filter>Header Files</Filter>
    </ClInclude>
    <ClInclude Include="include\Hobgoblin\Graphics\Template.hpp">
      <Filter>Header Files</Filter>
    </ClInclude>
    <ClInclude Include="include\Hobgoblin\Graphics\Multisprite.hpp">
      <Filter>Header Files</Filter>
    </ClInclude>
    <ClInclude Include="include\Hobgoblin\Graphics\Texture_packing.hpp">
      <Filter>Header Files</Filter>
    </ClInclude>
    <ClInclude Include="include\Hobgoblin\Private\Max_rects_bin_pack.hpp">
      <Filter>Header Files</Filter>
    </ClInclude>
    <ClInclude Include="include\Hobgoblin\Private\Rbp_rect.hpp">
      <Filter>Header Files</Filter>
    </ClInclude>
    <ClInclude Include="include\Hobgoblin\Graphics\Sprite_loader.hpp">
      <Filter>Header Files</Filter>
    </ClInclude>
    <ClInclude Include="include\Hobgoblin\Graphics\Views.hpp">
      <Filter>Header Files</Filter>
    </ClInclude>
    <ClInclude Include="include\Hobgoblin\Graphics\Brush.hpp">
      <Filter>Header Files</Filter>
    </ClInclude>
    <ClInclude Include="include\Hobgoblin\Graphics\Canvas.hpp">
      <Filter>Header Files</Filter>
    </ClInclude>
    <ClInclude Include="include\Hobgoblin\Graphics.hpp">
      <Filter>Header Files</Filter>
    </ClInclude>
    <ClInclude Include="include\Hobgoblin\Graphics\Builtin_fonts.hpp">
      <Filter>Header Files</Filter>
    </ClInclude>
    <ClInclude Include="include\Hobgoblin\Private\Font_cmu_serif_roman.hpp">
      <Filter>Header Files</Filter>
    </ClInclude>
    <ClInclude Include="include\Hobgoblin\Private\Font_cmu_typewriter_text.hpp">
      <Filter>Header Files</Filter>
    </ClInclude>
    <ClInclude Include="include\Hobgoblin\Private\Font_ebgaramond12_regular.hpp">
      <Filter>Header Files</Filter>
    </ClInclude>
    <ClInclude Include="include\Hobgoblin\Private\Font_inconsolata_regular.hpp">
      <Filter>Header Files</Filter>
    </ClInclude>
    <ClInclude Include="include\Hobgoblin\Private\Font_titillium_webregular.hpp">
      <Filter>Header Files</Filter>
    </ClInclude>
    <ClInclude Include="include\Hobgoblin\Utility\Math.hpp">
      <Filter>Header Files</Filter>
    </ClInclude>
    <ClInclude Include="include\Hobgoblin\Utility\Grids.hpp">
      <Filter>Header Files</Filter>
    </ClInclude>
    <ClInclude Include="include\Hobgoblin\Private\Xmacro_html_colors.hpp">
      <Filter>Header Files</Filter>
    </ClInclude>
    <ClInclude Include="include\Hobgoblin\Private\Short_namespace.hpp">
      <Filter>Header Files</Filter>
    </ClInclude>
    <ClInclude Include="include\Hobgoblin\Graphics\Color.hpp">
      <Filter>Header Files</Filter>
    </ClInclude>
    <ClInclude Include="include\Hobgoblin\Utility\Sleep.hpp">
      <Filter>Header Files</Filter>
    </ClInclude>
    <ClInclude Include="include\Hobgoblin\Utility\Timeutil.hpp">
      <Filter>Header Files</Filter>
    </ClInclude>
    <ClInclude Include="include\Hobgoblin\Utility\State_scheduler.hpp">
      <Filter>Header Files</Filter>
    </ClInclude>
    <ClInclude Include="include\Hobgoblin\Private\chipmunk\chipmunk.h">
      <Filter>Header Files</Filter>
    </ClInclude>
    <ClInclude Include="include\Hobgoblin\Private\chipmunk\chipmunk_ffi.h">
      <Filter>Header Files</Filter>
    </ClInclude>
    <ClInclude Include="include\Hobgoblin\Private\chipmunk\chipmunk_private.h">
      <Filter>Header Files</Filter>
    </ClInclude>
    <ClInclude Include="include\Hobgoblin\Private\chipmunk\chipmunk_structs.h">
      <Filter>Header Files</Filter>
    </ClInclude>
    <ClInclude Include="include\Hobgoblin\Private\chipmunk\chipmunk_types.h">
      <Filter>Header Files</Filter>
    </ClInclude>
    <ClInclude Include="include\Hobgoblin\Private\chipmunk\chipmunk_unsafe.h">
      <Filter>Header Files</Filter>
    </ClInclude>
    <ClInclude Include="include\Hobgoblin\Private\chipmunk\cpArbiter.h">
      <Filter>Header Files</Filter>
    </ClInclude>
    <ClInclude Include="include\Hobgoblin\Private\chipmunk\cpBB.h">
      <Filter>Header Files</Filter>
    </ClInclude>
    <ClInclude Include="include\Hobgoblin\Private\chipmunk\cpBody.h">
      <Filter>Header Files</Filter>
    </ClInclude>
    <ClInclude Include="include\Hobgoblin\Private\chipmunk\cpConstraint.h">
      <Filter>Header Files</Filter>
    </ClInclude>
    <ClInclude Include="include\Hobgoblin\Private\chipmunk\cpDampedRotarySpring.h">
      <Filter>Header Files</Filter>
    </ClInclude>
    <ClInclude Include="include\Hobgoblin\Private\chipmunk\cpDampedSpring.h">
      <Filter>Header Files</Filter>
    </ClInclude>
    <ClInclude Include="include\Hobgoblin\Private\chipmunk\cpGearJoint.h">
      <Filter>Header Files</Filter>
    </ClInclude>
    <ClInclude Include="include\Hobgoblin\Private\chipmunk\cpGrooveJoint.h">
      <Filter>Header Files</Filter>
    </ClInclude>
    <ClInclude Include="include\Hobgoblin\Private\chipmunk\cpHastySpace.h">
      <Filter>Header Files</Filter>
    </ClInclude>
    <ClInclude Include="include\Hobgoblin\Private\chipmunk\cpMarch.h">
      <Filter>Header Files</Filter>
    </ClInclude>
    <ClInclude Include="include\Hobgoblin\Private\chipmunk\cpPinJoint.h">
      <Filter>Header Files</Filter>
    </ClInclude>
    <ClInclude Include="include\Hobgoblin\Private\chipmunk\cpPivotJoint.h">
      <Filter>Header Files</Filter>
    </ClInclude>
    <ClInclude Include="include\Hobgoblin\Private\chipmunk\cpPolyline.h">
      <Filter>Header Files</Filter>
    </ClInclude>
    <ClInclude Include="include\Hobgoblin\Private\chipmunk\cpPolyShape.h">
      <Filter>Header Files</Filter>
    </ClInclude>
    <ClInclude Include="include\Hobgoblin\Private\chipmunk\cpRatchetJoint.h">
      <Filter>Header Files</Filter>
    </ClInclude>
    <ClInclude Include="include\Hobgoblin\Private\chipmunk\cpRobust.h">
      <Filter>Header Files</Filter>
    </ClInclude>
    <ClInclude Include="include\Hobgoblin\Private\chipmunk\cpRotaryLimitJoint.h">
      <Filter>Header Files</Filter>
    </ClInclude>
    <ClInclude Include="include\Hobgoblin\Private\chipmunk\cpShape.h">
      <Filter>Header Files</Filter>
    </ClInclude>
    <ClInclude Include="include\Hobgoblin\Private\chipmunk\cpSimpleMotor.h">
      <Filter>Header Files</Filter>
    </ClInclude>
    <ClInclude Include="include\Hobgoblin\Private\chipmunk\cpSlideJoint.h">
      <Filter>Header Files</Filter>
    </ClInclude>
    <ClInclude Include="include\Hobgoblin\Private\chipmunk\cpSpace.h">
      <Filter>Header Files</Filter>
    </ClInclude>
    <ClInclude Include="include\Hobgoblin\Private\chipmunk\cpSpatialIndex.h">
      <Filter>Header Files</Filter>
    </ClInclude>
    <ClInclude Include="include\Hobgoblin\Private\chipmunk\cpTransform.h">
      <Filter>Header Files</Filter>
    </ClInclude>
    <ClInclude Include="include\Hobgoblin\Private\chipmunk\cpVect.h">
      <Filter>Header Files</Filter>
    </ClInclude>
    <ClInclude Include="include\Hobgoblin\ChipmunkPhysics.hpp">
      <Filter>Header Files</Filter>
    </ClInclude>
    <ClInclude Include="source\Hobgoblin\ChipmunkPhysics\prime.h">
      <Filter>Header Files</Filter>
    </ClInclude>
    <ClInclude Include="include\Hobgoblin\ChipmunkPhysics\Memory_mgmt.hpp">
      <Filter>Header Files</Filter>
    </ClInclude>
    <ClInclude Include="include\Hobgoblin\ChipmunkPhysics\Template.hpp">
      <Filter>Header Files</Filter>
    </ClInclude>
    <ClInclude Include="include\Hobgoblin\ChipmunkPhysics\Chipmunk_config.hpp">
      <Filter>Header Files</Filter>
    </ClInclude>
    <ClInclude Include="include\Hobgoblin\RigelNet\Raw_data_view.hpp">
      <Filter>Header Files</Filter>
    </ClInclude>
  </ItemGroup>
  <ItemGroup>
    <Text Include="include\Hobgoblin\Private\HobgoblinCodingStyle.txt" />
    <Text Include="include\Hobgoblin\RigelNet\PROTOCOL.txt" />
    <Text Include="include\Hobgoblin\zTODO.txt" />
    <Text Include="zTODO.txt" />
    <Text Include="Pathfinding.txt" />
    <Text Include="On_qao_serialization.txt" />
    <Text Include="include\Hobgoblin\ChipmunkPhysics\Chipmunk_integration.txt" />
  </ItemGroup>
  <ItemGroup>
    <None Include="CODEANALYSIS.ruleset" />
  </ItemGroup>
</Project>