<?xml version="1.0" encoding="utf-8"?>
<Project ToolsVersion="4.0" xmlns="http://schemas.microsoft.com/developer/msbuild/2003">
  <ItemGroup>
    <Filter Include="Source Files">
      <UniqueIdentifier>{4FC737F1-C7A5-4376-A066-2A32D752A2FF}</UniqueIdentifier>
      <Extensions>cpp;c;cc;cxx;def;odl;idl;hpj;bat;asm;asmx</Extensions>
    </Filter>
    <Filter Include="Header Files">
      <UniqueIdentifier>{93995380-89BD-4b04-88EB-625FBE52EBFB}</UniqueIdentifier>
      <Extensions>h;hh;hpp;hxx;hm;inl;inc;ipp;xsd</Extensions>
    </Filter>
    <Filter Include="Resource Files">
      <UniqueIdentifier>{67DA6AB6-F800-4c08-8B7A-83BB121AAD01}</UniqueIdentifier>
      <Extensions>rc;ico;cur;bmp;dlg;rc2;rct;bin;rgs;gif;jpg;jpeg;jpe;resx;tiff;tif;png;wav;mfcribbon-ms</Extensions>
    </Filter>
  </ItemGroup>
  <ItemGroup>
    <ClCompile Include="include\Hobgoblin\Utility.hpp">
      <Filter>Source Files</Filter>
    </ClCompile>
    <ClCompile Include="source\Hobgoblin\QAO\base.cpp">
      <Filter>Source Files</Filter>
    </ClCompile>
    <ClCompile Include="source\Hobgoblin\QAO\id.cpp">
      <Filter>Source Files</Filter>
    </ClCompile>
    <ClCompile Include="source\Hobgoblin\QAO\orderer.cpp">
      <Filter>Source Files</Filter>
    </ClCompile>
    <ClCompile Include="source\Hobgoblin\QAO\registry.cpp">
      <Filter>Source Files</Filter>
    </ClCompile>
    <ClCompile Include="source\Hobgoblin\QAO\runtime.cpp">
      <Filter>Source Files</Filter>
    </ClCompile>
    <ClCompile Include="source\Hobgoblin\Utility\MaxRectsBinPack.cpp">
      <Filter>Source Files</Filter>
    </ClCompile>
    <ClCompile Include="source\Hobgoblin\Utility\Rect.cpp">
      <Filter>Source Files</Filter>
    </ClCompile>
    <ClCompile Include="source\Hobgoblin\Main.cpp">
      <Filter>Source Files</Filter>
    </ClCompile>
    <ClCompile Include="source\Hobgoblin\TextRect.cpp">
      <Filter>Source Files</Filter>
    </ClCompile>
    <ClCompile Include="source\Hobgoblin\RigelNet\Udp_client.cpp">
      <Filter>Source Files</Filter>
    </ClCompile>
    <ClCompile Include="source\Hobgoblin\RigelNet\Udp_connector.cpp">
      <Filter>Source Files</Filter>
    </ClCompile>
    <ClCompile Include="source\Hobgoblin\RigelNet\Udp_server.cpp">
      <Filter>Source Files</Filter>
    </ClCompile>
    <ClCompile Include="source\Hobgoblin\RigelNet\Packet.cpp">
      <Filter>Source Files</Filter>
    </ClCompile>
    <ClCompile Include="source\Hobgoblin\RigelNet\Node.cpp">
      <Filter>Source Files</Filter>
    </ClCompile>
    <ClCompile Include="source\Hobgoblin\RigelNet\Handlermgmt.cpp">
      <Filter>Source Files</Filter>
    </ClCompile>
  </ItemGroup>
  <ItemGroup>
    <ClInclude Include="include\Hobgoblin\QAO\base.hpp">
      <Filter>Header Files</Filter>
    </ClInclude>
    <ClInclude Include="include\Hobgoblin\QAO\config.hpp">
      <Filter>Header Files</Filter>
    </ClInclude>
    <ClInclude Include="include\Hobgoblin\QAO\func.hpp">
      <Filter>Header Files</Filter>
    </ClInclude>
    <ClInclude Include="include\Hobgoblin\QAO\id.hpp">
      <Filter>Header Files</Filter>
    </ClInclude>
    <ClInclude Include="include\Hobgoblin\QAO\orderer.hpp">
      <Filter>Header Files</Filter>
    </ClInclude>
    <ClInclude Include="include\Hobgoblin\QAO\property.hpp">
      <Filter>Header Files</Filter>
    </ClInclude>
    <ClInclude Include="include\Hobgoblin\QAO\registry.hpp">
      <Filter>Header Files</Filter>
    </ClInclude>
    <ClInclude Include="include\Hobgoblin\QAO\runtime.hpp">
      <Filter>Header Files</Filter>
    </ClInclude>
    <ClInclude Include="include\Hobgoblin\Utility\MaxRectsBinPack.hpp">
      <Filter>Header Files</Filter>
    </ClInclude>
    <ClInclude Include="include\Hobgoblin\Utility\NoCopyNoMove.hpp">
      <Filter>Header Files</Filter>
    </ClInclude>
    <ClInclude Include="include\Hobgoblin\Utility\Passkey.hpp">
      <Filter>Header Files</Filter>
    </ClInclude>
    <ClInclude Include="include\Hobgoblin\Utility\Rect.h">
      <Filter>Header Files</Filter>
    </ClInclude>
    <ClInclude Include="include\Hobgoblin\Utility\template.hpp">
      <Filter>Header Files</Filter>
    </ClInclude>
    <ClInclude Include="include\Hobgoblin\Common.hpp">
      <Filter>Header Files</Filter>
    </ClInclude>
    <ClInclude Include="include\Hobgoblin\DEP_Macros.hpp">
      <Filter>Header Files</Filter>
    </ClInclude>
    <ClInclude Include="include\Hobgoblin\Preprocessor.hpp">
      <Filter>Header Files</Filter>
    </ClInclude>
    <ClInclude Include="include\Hobgoblin\QAO.hpp">
      <Filter>Header Files</Filter>
    </ClInclude>
    <ClInclude Include="include\Hobgoblin\RigelNet.hpp">
      <Filter>Header Files</Filter>
    </ClInclude>
    <ClInclude Include="include\Hobgoblin\RigelNet_Macros.hpp">
      <Filter>Header Files</Filter>
    </ClInclude>
    <ClInclude Include="include\Hobgoblin\Utility\Slab_indexer.hpp">
      <Filter>Header Files</Filter>
    </ClInclude>
    <ClInclude Include="include\Hobgoblin\RigelNet\Udp_client.hpp">
      <Filter>Header Files</Filter>
    </ClInclude>
    <ClInclude Include="include\Hobgoblin\RigelNet\Udp_connector.hpp">
      <Filter>Header Files</Filter>
    </ClInclude>
    <ClInclude Include="include\Hobgoblin\RigelNet\Udp_server.hpp">
      <Filter>Header Files</Filter>
    </ClInclude>
    <ClInclude Include="include\Hobgoblin\RigelNet\Macro_extract_args.hpp">
      <Filter>Header Files</Filter>
    </ClInclude>
    <ClInclude Include="include\Hobgoblin\RigelNet\Macro_handlers.hpp">
      <Filter>Header Files</Filter>
    </ClInclude>
    <ClInclude Include="include\Hobgoblin\RigelNet\Macro_normalize_args.hpp">
      <Filter>Header Files</Filter>
    </ClInclude>
    <ClInclude Include="include\Hobgoblin\RigelNet\Macro_pass_args.hpp">
      <Filter>Header Files</Filter>
    </ClInclude>
    <ClInclude Include="include\Hobgoblin\RigelNet\Macro_pass_compose_args.hpp">
      <Filter>Header Files</Filter>
    </ClInclude>
    <ClInclude Include="include\Hobgoblin\Utility\Stopwatch.hpp">
      <Filter>Header Files</Filter>
    </ClInclude>
    <ClInclude Include="include\Hobgoblin\Private\Pmacro_define.hpp">
      <Filter>Header Files</Filter>
    </ClInclude>
    <ClInclude Include="include\Hobgoblin\Private\Pmacro_undef.hpp">
      <Filter>Header Files</Filter>
    </ClInclude>
    <ClInclude Include="include\Hobgoblin\RigelNet\Handlermgmt.hpp">
      <Filter>Header Files</Filter>
    </ClInclude>
    <ClInclude Include="include\Hobgoblin\RigelNet\Packet.hpp">
      <Filter>Header Files</Filter>
    </ClInclude>
    <ClInclude Include="include\Hobgoblin\RigelNet\Remote_info.hpp">
      <Filter>Header Files</Filter>
    </ClInclude>
    <ClInclude Include="include\Hobgoblin\RigelNet\Server.hpp">
      <Filter>Header Files</Filter>
    </ClInclude>
    <ClInclude Include="include\Hobgoblin\RigelNet\Template.hpp">
      <Filter>Header Files</Filter>
    </ClInclude>
    <ClInclude Include="include\Hobgoblin\RigelNet\Client.hpp">
      <Filter>Header Files</Filter>
    </ClInclude>
    <ClInclude Include="include\Hobgoblin\RigelNet\Node.hpp">
      <Filter>Source Files</Filter>
    </ClInclude>
    <ClInclude Include="include\Hobgoblin\RigelNet\Event.hpp">
      <Filter>Header Files</Filter>
    </ClInclude>
    <ClInclude Include="include\Hobgoblin\Utility\Visitor.hpp">
      <Filter>Header Files</Filter>
    </ClInclude>
  </ItemGroup>
  <ItemGroup>
    <Text Include="include\Hobgoblin\Private\HobgoblinCodingStyle.txt" />
    <Text Include="include\Hobgoblin\RigelNet\PROTOCOL.txt" />
    <Text Include="include\Hobgoblin\zTODO.txt" />
  </ItemGroup>
</Project>